<?xml version="1.0" encoding="utf-8"?>
<Project ToolsVersion="4.0" xmlns="http://schemas.microsoft.com/developer/msbuild/2003">
  <ItemGroup>
    <Filter Include="Source Files">
      <UniqueIdentifier>{4FC737F1-C7A5-4376-A066-2A32D752A2FF}</UniqueIdentifier>
      <Extensions>cpp;c;cc;cxx;c++;cppm;ixx;def;odl;idl;hpj;bat;asm;asmx</Extensions>
    </Filter>
    <Filter Include="Header Files">
      <UniqueIdentifier>{93995380-89BD-4b04-88EB-625FBE52EBFB}</UniqueIdentifier>
      <Extensions>h;hh;hpp;hxx;h++;hm;inl;inc;ipp;xsd</Extensions>
    </Filter>
    <Filter Include="Resource Files">
      <UniqueIdentifier>{67DA6AB6-F800-4c08-8B7A-83BB121AAD01}</UniqueIdentifier>
      <Extensions>rc;ico;cur;bmp;dlg;rc2;rct;bin;rgs;gif;jpg;jpeg;jpe;resx;tiff;tif;png;wav;mfcribbon-ms</Extensions>
    </Filter>
    <Filter Include="Objects">
      <UniqueIdentifier>{f20388fb-431d-411c-867a-48f81b89e25b}</UniqueIdentifier>
    </Filter>
    <Filter Include="Objects\Player">
      <UniqueIdentifier>{7053625c-b460-45f6-a2bc-2e72d51105ec}</UniqueIdentifier>
    </Filter>
    <Filter Include="Objects\Buttons">
      <UniqueIdentifier>{581983ec-7988-4664-9155-3e13ae77e835}</UniqueIdentifier>
    </Filter>
    <Filter Include="Objects\Base Entity Object">
      <UniqueIdentifier>{d0172df9-6548-416c-95db-a1b44773ead0}</UniqueIdentifier>
    </Filter>
    <Filter Include="Resource Files\Graphics">
      <UniqueIdentifier>{63a583c4-c8d2-4f07-8858-1a7c6ad7ced1}</UniqueIdentifier>
    </Filter>
    <Filter Include="Resource Files\Audio">
      <UniqueIdentifier>{84e1aba2-5a5e-4c7c-a9a7-7113398fd3fc}</UniqueIdentifier>
    </Filter>
    <Filter Include="Resource Files\Audio\Music">
      <UniqueIdentifier>{ea95665f-02f6-41c7-ab9a-12de59b10ce3}</UniqueIdentifier>
    </Filter>
    <Filter Include="Resource Files\Audio\SFX">
      <UniqueIdentifier>{07b6a2e3-b87f-463b-a550-e89156f8f7b4}</UniqueIdentifier>
    </Filter>
    <Filter Include="Objects\Base Entity Object\player">
      <UniqueIdentifier>{82182a1e-e3be-4903-86ef-5a64a6fc5a1b}</UniqueIdentifier>
    </Filter>
    <Filter Include="Objects\Base Entity Object\enemy">
      <UniqueIdentifier>{2ce6b123-2224-488f-b6d8-3a1b409adb30}</UniqueIdentifier>
    </Filter>
  </ItemGroup>
  <ItemGroup>
    <ClCompile Include="game.cpp">
      <Filter>Source Files</Filter>
    </ClCompile>
    <ClCompile Include="Setup.cpp">
      <Filter>Source Files</Filter>
    </ClCompile>
    <ClCompile Include="MenuObject.cpp">
      <Filter>Objects\Buttons</Filter>
    </ClCompile>
    <ClCompile Include="Object.cpp">
      <Filter>Objects\Base Entity Object</Filter>
    </ClCompile>
    <ClCompile Include="Player.cpp">
      <Filter>Objects\Base Entity Object\player</Filter>
    </ClCompile>
  </ItemGroup>
  <ItemGroup>
    <ClInclude Include="Setup.hpp">
      <Filter>Header Files</Filter>
    </ClInclude>
    <ClInclude Include="MenuObject.hpp">
      <Filter>Objects\Buttons</Filter>
    </ClInclude>
    <ClInclude Include="Object.hpp">
      <Filter>Objects\Base Entity Object</Filter>
    </ClInclude>
    <ClInclude Include="Player.hpp">
      <Filter>Objects\Base Entity Object\player</Filter>
    </ClInclude>
  </ItemGroup>
  <ItemGroup>
    <Image Include="game_files\TestGraphics1.png">
      <Filter>Resource Files\Graphics</Filter>
    </Image>
    <Image Include="game_files\TestGraphics2.png">
      <Filter>Resource Files\Graphics</Filter>
    </Image>
    <Image Include="game_files\TestGraphics3.png">
      <Filter>Resource Files\Graphics</Filter>
    </Image>
    <Image Include="game_files\TestGraphics4.png">
      <Filter>Resource Files\Graphics</Filter>
    </Image>
    <Image Include="game_files\TestGraphics5.png">
      <Filter>Resource Files\Graphics</Filter>
    </Image>
    <Image Include="game_files\TestGraphics6.png">
      <Filter>Resource Files\Graphics</Filter>
    </Image>
    <Image Include="game_files\TestGraphics8.png">
      <Filter>Resource Files\Graphics</Filter>
    </Image>
    <Image Include="game_files\TestGraphics7.png">
      <Filter>Resource Files\Graphics</Filter>
    </Image>
  </ItemGroup>
  <ItemGroup>
    <Media Include="game_files\SFX Pack\Alarm.wav">
      <Filter>Resource Files\Audio\SFX</Filter>
    </Media>
    <Media Include="game_files\SFX Pack\Beam01.wav">
      <Filter>Resource Files\Audio\SFX</Filter>
    </Media>
    <Media Include="game_files\SFX Pack\Beam02.wav">
      <Filter>Resource Files\Audio\SFX</Filter>
    </Media>
    <Media Include="game_files\SFX Pack\Beam03.wav">
      <Filter>Resource Files\Audio\SFX</Filter>
    </Media>
    <Media Include="game_files\SFX Pack\Damage01.wav">
      <Filter>Resource Files\Audio\SFX</Filter>
    </Media>
    <Media Include="game_files\SFX Pack\Damage02.wav">
      <Filter>Resource Files\Audio\SFX</Filter>
    </Media>
    <Media Include="game_files\SFX Pack\Damage03.wav">
      <Filter>Resource Files\Audio\SFX</Filter>
    </Media>
    <Media Include="game_files\SFX Pack\Damage04.wav">
      <Filter>Resource Files\Audio\SFX</Filter>
    </Media>
    <Media Include="game_files\SFX Pack\Death01.wav">
      <Filter>Resource Files\Audio\SFX</Filter>
    </Media>
    <Media Include="game_files\SFX Pack\Death02.wav">
      <Filter>Resource Files\Audio\SFX</Filter>
    </Media>
    <Media Include="game_files\SFX Pack\Explosion1.wav">
      <Filter>Resource Files\Audio\SFX</Filter>
    </Media>
    <Media Include="game_files\SFX Pack\Explosion2.wav">
      <Filter>Resource Files\Audio\SFX</Filter>
    </Media>
    <Media Include="game_files\SFX Pack\Explosion3.wav">
      <Filter>Resource Files\Audio\SFX</Filter>
    </Media>
    <Media Include="game_files\SFX Pack\Explosion4.wav">
      <Filter>Resource Files\Audio\SFX</Filter>
    </Media>
    <Media Include="game_files\SFX Pack\Explosion5.wav">
      <Filter>Resource Files\Audio\SFX</Filter>
    </Media>
    <Media Include="game_files\SFX Pack\Explosion6.wav">
      <Filter>Resource Files\Audio\SFX</Filter>
    </Media>
    <Media Include="game_files\SFX Pack\Fire01.wav">
      <Filter>Resource Files\Audio\SFX</Filter>
    </Media>
    <Media Include="game_files\SFX Pack\Fire02.wav">
      <Filter>Resource Files\Audio\SFX</Filter>
    </Media>
    <Media Include="game_files\SFX Pack\Fire03.wav">
      <Filter>Resource Files\Audio\SFX</Filter>
    </Media>
    <Media Include="game_files\SFX Pack\Humming.wav">
      <Filter>Resource Files\Audio\SFX</Filter>
    </Media>
    <Media Include="game_files\SFX Pack\Misc01.wav">
      <Filter>Resource Files\Audio\SFX</Filter>
    </Media>
    <Media Include="game_files\SFX Pack\Misc02.wav">
      <Filter>Resource Files\Audio\SFX</Filter>
    </Media>
    <Media Include="game_files\SFX Pack\Misc03.wav">
      <Filter>Resource Files\Audio\SFX</Filter>
    </Media>
    <Media Include="game_files\SFX Pack\Misc04.wav">
      <Filter>Resource Files\Audio\SFX</Filter>
    </Media>
    <Media Include="game_files\SFX Pack\Misc05.wav">
      <Filter>Resource Files\Audio\SFX</Filter>
    </Media>
    <Media Include="game_files\SFX Pack\PowerUp01.wav">
      <Filter>Resource Files\Audio\SFX</Filter>
    </Media>
    <Media Include="game_files\SFX Pack\PowerUp02.wav">
      <Filter>Resource Files\Audio\SFX</Filter>
    </Media>
    <Media Include="game_files\SFX Pack\PowerUp03.wav">
      <Filter>Resource Files\Audio\SFX</Filter>
    </Media>
    <Media Include="game_files\SFX Pack\PowerUp04.wav">
      <Filter>Resource Files\Audio\SFX</Filter>
    </Media>
    <Media Include="game_files\SFX Pack\SciFi01.wav">
      <Filter>Resource Files\Audio\SFX</Filter>
    </Media>
    <Media Include="game_files\SFX Pack\SciFi02.wav">
      <Filter>Resource Files\Audio\SFX</Filter>
    </Media>
    <Media Include="game_files\SFX Pack\SciFi03.wav">
      <Filter>Resource Files\Audio\SFX</Filter>
    </Media>
    <Media Include="game_files\SFX Pack\SciFi04.wav">
      <Filter>Resource Files\Audio\SFX</Filter>
    </Media>
    <Media Include="game_files\SFX Pack\SciFi05.wav">
      <Filter>Resource Files\Audio\SFX</Filter>
    </Media>
    <Media Include="game_files\SFX Pack\SciFi06.wav">
      <Filter>Resource Files\Audio\SFX</Filter>
    </Media>
    <Media Include="game_files\SFX Pack\Shot01.wav">
      <Filter>Resource Files\Audio\SFX</Filter>
    </Media>
    <Media Include="game_files\SFX Pack\Shot02.wav">
      <Filter>Resource Files\Audio\SFX</Filter>
    </Media>
    <Media Include="game_files\SFX Pack\Shot03.wav">
      <Filter>Resource Files\Audio\SFX</Filter>
    </Media>
    <Media Include="game_files\SFX Pack\Shot04.wav">
      <Filter>Resource Files\Audio\SFX</Filter>
    </Media>
    <Media Include="game_files\SFX Pack\Shot05.wav">
      <Filter>Resource Files\Audio\SFX</Filter>
    </Media>
    <Media Include="game_files\SFX Pack\Shot06.wav">
      <Filter>Resource Files\Audio\SFX</Filter>
    </Media>
    <Media Include="game_files\SFX Pack\Shot07.wav">
      <Filter>Resource Files\Audio\SFX</Filter>
    </Media>
    <Media Include="game_files\SFX Pack\Shot08.wav">
      <Filter>Resource Files\Audio\SFX</Filter>
    </Media>
    <Media Include="game_files\SFX Pack\Slash01.wav">
      <Filter>Resource Files\Audio\SFX</Filter>
    </Media>
    <Media Include="game_files\SFX Pack\Slash02.wav">
      <Filter>Resource Files\Audio\SFX</Filter>
    </Media>
    <Media Include="game_files\SFX Pack\Slash03.wav">
      <Filter>Resource Files\Audio\SFX</Filter>
    </Media>
    <Media Include="game_files\SFX Pack\Slash04.wav">
      <Filter>Resource Files\Audio\SFX</Filter>
    </Media>
    <Media Include="game_files\SFX Pack\Slash05.wav">
      <Filter>Resource Files\Audio\SFX</Filter>
    </Media>
    <Media Include="game_files\SFX Pack\Sword01.wav">
      <Filter>Resource Files\Audio\SFX</Filter>
    </Media>
    <Media Include="game_files\SFX Pack\UI01.wav">
      <Filter>Resource Files\Audio\SFX</Filter>
    </Media>
    <Media Include="game_files\SFX Pack\UI02.wav">
      <Filter>Resource Files\Audio\SFX</Filter>
    </Media>
    <Media Include="game_files\SFX Pack\UI03.wav">
      <Filter>Resource Files\Audio\SFX</Filter>
    </Media>
    <Media Include="game_files\SFX Pack\UI04.wav">
      <Filter>Resource Files\Audio\SFX</Filter>
    </Media>
    <Media Include="game_files\SFX Pack\UI05.wav">
      <Filter>Resource Files\Audio\SFX</Filter>
    </Media>
    <Media Include="game_files\SFX Pack\UI06.wav">
      <Filter>Resource Files\Audio\SFX</Filter>
    </Media>
  </ItemGroup>
</Project>